// !$*UTF8*$!
{
	archiveVersion = 1;
	classes = {
	};
	objectVersion = 50;
	objects = {

/* Begin PBXBuildFile section */
		8A105D2C24BAD569000CDD6C /* SwiftUI_APIApp.swift in Sources */ = {isa = PBXBuildFile; fileRef = 8A105D1924BAD568000CDD6C /* SwiftUI_APIApp.swift */; };
		8A105D2D24BAD569000CDD6C /* SwiftUI_APIApp.swift in Sources */ = {isa = PBXBuildFile; fileRef = 8A105D1924BAD568000CDD6C /* SwiftUI_APIApp.swift */; };
		8A105D2E24BAD569000CDD6C /* ContentView.swift in Sources */ = {isa = PBXBuildFile; fileRef = 8A105D1A24BAD568000CDD6C /* ContentView.swift */; };
		8A105D2F24BAD569000CDD6C /* ContentView.swift in Sources */ = {isa = PBXBuildFile; fileRef = 8A105D1A24BAD568000CDD6C /* ContentView.swift */; };
		8A105D3024BAD569000CDD6C /* Assets.xcassets in Resources */ = {isa = PBXBuildFile; fileRef = 8A105D1B24BAD569000CDD6C /* Assets.xcassets */; };
		8A105D3124BAD569000CDD6C /* Assets.xcassets in Resources */ = {isa = PBXBuildFile; fileRef = 8A105D1B24BAD569000CDD6C /* Assets.xcassets */; };
		8A105D3E24BADB7D000CDD6C /* MovieList.swift in Sources */ = {isa = PBXBuildFile; fileRef = 8A105D3D24BADB7D000CDD6C /* MovieList.swift */; };
		8A105D3F24BADB7D000CDD6C /* MovieList.swift in Sources */ = {isa = PBXBuildFile; fileRef = 8A105D3D24BADB7D000CDD6C /* MovieList.swift */; };
		8A26F7D324BAEAEC00552CF3 /* ImageDownloader.swift in Sources */ = {isa = PBXBuildFile; fileRef = 8A26F7D224BAEAEC00552CF3 /* ImageDownloader.swift */; };
		8A26F7D424BAEAEC00552CF3 /* ImageDownloader.swift in Sources */ = {isa = PBXBuildFile; fileRef = 8A26F7D224BAEAEC00552CF3 /* ImageDownloader.swift */; };
		8A26F7D624BAED3800552CF3 /* ImageView.swift in Sources */ = {isa = PBXBuildFile; fileRef = 8A26F7D524BAED3800552CF3 /* ImageView.swift */; };
		8A26F7D724BAED3800552CF3 /* ImageView.swift in Sources */ = {isa = PBXBuildFile; fileRef = 8A26F7D524BAED3800552CF3 /* ImageView.swift */; };
/* End PBXBuildFile section */

/* Begin PBXFileReference section */
		8A105D1924BAD568000CDD6C /* SwiftUI_APIApp.swift */ = {isa = PBXFileReference; lastKnownFileType = sourcecode.swift; path = SwiftUI_APIApp.swift; sourceTree = "<group>"; };
		8A105D1A24BAD568000CDD6C /* ContentView.swift */ = {isa = PBXFileReference; lastKnownFileType = sourcecode.swift; path = ContentView.swift; sourceTree = "<group>"; };
		8A105D1B24BAD569000CDD6C /* Assets.xcassets */ = {isa = PBXFileReference; lastKnownFileType = folder.assetcatalog; path = Assets.xcassets; sourceTree = "<group>"; };
		8A105D2024BAD569000CDD6C /* SwiftUI API.app */ = {isa = PBXFileReference; explicitFileType = wrapper.application; includeInIndex = 0; path = "SwiftUI API.app"; sourceTree = BUILT_PRODUCTS_DIR; };
		8A105D2324BAD569000CDD6C /* Info.plist */ = {isa = PBXFileReference; lastKnownFileType = text.plist.xml; path = Info.plist; sourceTree = "<group>"; };
		8A105D2824BAD569000CDD6C /* SwiftUI API.app */ = {isa = PBXFileReference; explicitFileType = wrapper.application; includeInIndex = 0; path = "SwiftUI API.app"; sourceTree = BUILT_PRODUCTS_DIR; };
		8A105D2A24BAD569000CDD6C /* Info.plist */ = {isa = PBXFileReference; lastKnownFileType = text.plist.xml; path = Info.plist; sourceTree = "<group>"; };
		8A105D2B24BAD569000CDD6C /* macOS.entitlements */ = {isa = PBXFileReference; lastKnownFileType = text.plist.entitlements; path = macOS.entitlements; sourceTree = "<group>"; };
		8A105D3D24BADB7D000CDD6C /* MovieList.swift */ = {isa = PBXFileReference; lastKnownFileType = sourcecode.swift; path = MovieList.swift; sourceTree = "<group>"; };
		8A26F7D224BAEAEC00552CF3 /* ImageDownloader.swift */ = {isa = PBXFileReference; lastKnownFileType = sourcecode.swift; path = ImageDownloader.swift; sourceTree = "<group>"; };
		8A26F7D524BAED3800552CF3 /* ImageView.swift */ = {isa = PBXFileReference; lastKnownFileType = sourcecode.swift; path = ImageView.swift; sourceTree = "<group>"; };
/* End PBXFileReference section */

/* Begin PBXFrameworksBuildPhase section */
		8A105D1D24BAD569000CDD6C /* Frameworks */ = {
			isa = PBXFrameworksBuildPhase;
			buildActionMask = 2147483647;
			files = (
			);
			runOnlyForDeploymentPostprocessing = 0;
		};
		8A105D2524BAD569000CDD6C /* Frameworks */ = {
			isa = PBXFrameworksBuildPhase;
			buildActionMask = 2147483647;
			files = (
			);
			runOnlyForDeploymentPostprocessing = 0;
		};
/* End PBXFrameworksBuildPhase section */

/* Begin PBXGroup section */
		8A105D1324BAD568000CDD6C = {
			isa = PBXGroup;
			children = (
				8A105D1824BAD568000CDD6C /* Shared */,
				8A105D2224BAD569000CDD6C /* iOS */,
				8A105D2924BAD569000CDD6C /* macOS */,
				8A105D2124BAD569000CDD6C /* Products */,
			);
			sourceTree = "<group>";
		};
		8A105D1824BAD568000CDD6C /* Shared */ = {
			isa = PBXGroup;
			children = (
				8A105D1924BAD568000CDD6C /* SwiftUI_APIApp.swift */,
				8A105D1A24BAD568000CDD6C /* ContentView.swift */,
				8A105D3D24BADB7D000CDD6C /* MovieList.swift */,
				8A26F7D224BAEAEC00552CF3 /* ImageDownloader.swift */,
				8A26F7D524BAED3800552CF3 /* ImageView.swift */,
				8A105D1B24BAD569000CDD6C /* Assets.xcassets */,
			);
			path = Shared;
			sourceTree = "<group>";
		};
		8A105D2124BAD569000CDD6C /* Products */ = {
			isa = PBXGroup;
			children = (
				8A105D2024BAD569000CDD6C /* SwiftUI API.app */,
				8A105D2824BAD569000CDD6C /* SwiftUI API.app */,
			);
			name = Products;
			sourceTree = "<group>";
		};
		8A105D2224BAD569000CDD6C /* iOS */ = {
			isa = PBXGroup;
			children = (
				8A105D2324BAD569000CDD6C /* Info.plist */,
			);
			path = iOS;
			sourceTree = "<group>";
		};
		8A105D2924BAD569000CDD6C /* macOS */ = {
			isa = PBXGroup;
			children = (
				8A105D2A24BAD569000CDD6C /* Info.plist */,
				8A105D2B24BAD569000CDD6C /* macOS.entitlements */,
			);
			path = macOS;
			sourceTree = "<group>";
		};
/* End PBXGroup section */

/* Begin PBXNativeTarget section */
		8A105D1F24BAD569000CDD6C /* iOS */ = {
			isa = PBXNativeTarget;
			buildConfigurationList = 8A105D3424BAD569000CDD6C /* Build configuration list for PBXNativeTarget "iOS" */;
			buildPhases = (
				8A105D1C24BAD569000CDD6C /* Sources */,
				8A105D1D24BAD569000CDD6C /* Frameworks */,
				8A105D1E24BAD569000CDD6C /* Resources */,
			);
			buildRules = (
			);
			dependencies = (
			);
			name = iOS;
			productName = iOS;
			productReference = 8A105D2024BAD569000CDD6C /* SwiftUI API.app */;
			productType = "com.apple.product-type.application";
		};
		8A105D2724BAD569000CDD6C /* macOS */ = {
			isa = PBXNativeTarget;
			buildConfigurationList = 8A105D3724BAD569000CDD6C /* Build configuration list for PBXNativeTarget "macOS" */;
			buildPhases = (
				8A105D2424BAD569000CDD6C /* Sources */,
				8A105D2524BAD569000CDD6C /* Frameworks */,
				8A105D2624BAD569000CDD6C /* Resources */,
			);
			buildRules = (
			);
			dependencies = (
			);
			name = macOS;
			productName = macOS;
			productReference = 8A105D2824BAD569000CDD6C /* SwiftUI API.app */;
			productType = "com.apple.product-type.application";
		};
/* End PBXNativeTarget section */

/* Begin PBXProject section */
		8A105D1424BAD568000CDD6C /* Project object */ = {
			isa = PBXProject;
			attributes = {
				LastSwiftUpdateCheck = 1200;
				LastUpgradeCheck = 1200;
				TargetAttributes = {
					8A105D1F24BAD569000CDD6C = {
						CreatedOnToolsVersion = 12.0;
					};
					8A105D2724BAD569000CDD6C = {
						CreatedOnToolsVersion = 12.0;
					};
				};
			};
			buildConfigurationList = 8A105D1724BAD568000CDD6C /* Build configuration list for PBXProject "SwiftUI API" */;
			compatibilityVersion = "Xcode 9.3";
			developmentRegion = en;
			hasScannedForEncodings = 0;
			knownRegions = (
				en,
				Base,
			);
			mainGroup = 8A105D1324BAD568000CDD6C;
			productRefGroup = 8A105D2124BAD569000CDD6C /* Products */;
			projectDirPath = "";
			projectRoot = "";
			targets = (
				8A105D1F24BAD569000CDD6C /* iOS */,
				8A105D2724BAD569000CDD6C /* macOS */,
			);
		};
/* End PBXProject section */

/* Begin PBXResourcesBuildPhase section */
		8A105D1E24BAD569000CDD6C /* Resources */ = {
			isa = PBXResourcesBuildPhase;
			buildActionMask = 2147483647;
			files = (
				8A105D3024BAD569000CDD6C /* Assets.xcassets in Resources */,
			);
			runOnlyForDeploymentPostprocessing = 0;
		};
		8A105D2624BAD569000CDD6C /* Resources */ = {
			isa = PBXResourcesBuildPhase;
			buildActionMask = 2147483647;
			files = (
				8A105D3124BAD569000CDD6C /* Assets.xcassets in Resources */,
			);
			runOnlyForDeploymentPostprocessing = 0;
		};
/* End PBXResourcesBuildPhase section */

/* Begin PBXSourcesBuildPhase section */
		8A105D1C24BAD569000CDD6C /* Sources */ = {
			isa = PBXSourcesBuildPhase;
			buildActionMask = 2147483647;
			files = (
				8A26F7D624BAED3800552CF3 /* ImageView.swift in Sources */,
				8A105D2E24BAD569000CDD6C /* ContentView.swift in Sources */,
				8A105D3E24BADB7D000CDD6C /* MovieList.swift in Sources */,
				8A26F7D324BAEAEC00552CF3 /* ImageDownloader.swift in Sources */,
				8A105D2C24BAD569000CDD6C /* SwiftUI_APIApp.swift in Sources */,
			);
			runOnlyForDeploymentPostprocessing = 0;
		};
		8A105D2424BAD569000CDD6C /* Sources */ = {
			isa = PBXSourcesBuildPhase;
			buildActionMask = 2147483647;
			files = (
				8A26F7D724BAED3800552CF3 /* ImageView.swift in Sources */,
				8A105D2F24BAD569000CDD6C /* ContentView.swift in Sources */,
				8A105D3F24BADB7D000CDD6C /* MovieList.swift in Sources */,
				8A26F7D424BAEAEC00552CF3 /* ImageDownloader.swift in Sources */,
				8A105D2D24BAD569000CDD6C /* SwiftUI_APIApp.swift in Sources */,
			);
			runOnlyForDeploymentPostprocessing = 0;
		};
/* End PBXSourcesBuildPhase section */

/* Begin XCBuildConfiguration section */
		8A105D3224BAD569000CDD6C /* Debug */ = {
			isa = XCBuildConfiguration;
			buildSettings = {
				ALWAYS_SEARCH_USER_PATHS = NO;
				CLANG_ANALYZER_NONNULL = YES;
				CLANG_ANALYZER_NUMBER_OBJECT_CONVERSION = YES_AGGRESSIVE;
				CLANG_CXX_LANGUAGE_STANDARD = "gnu++14";
				CLANG_CXX_LIBRARY = "libc++";
				CLANG_ENABLE_MODULES = YES;
				CLANG_ENABLE_OBJC_ARC = YES;
				CLANG_ENABLE_OBJC_WEAK = YES;
				CLANG_WARN_BLOCK_CAPTURE_AUTORELEASING = YES;
				CLANG_WARN_BOOL_CONVERSION = YES;
				CLANG_WARN_COMMA = YES;
				CLANG_WARN_CONSTANT_CONVERSION = YES;
				CLANG_WARN_DEPRECATED_OBJC_IMPLEMENTATIONS = YES;
				CLANG_WARN_DIRECT_OBJC_ISA_USAGE = YES_ERROR;
				CLANG_WARN_DOCUMENTATION_COMMENTS = YES;
				CLANG_WARN_EMPTY_BODY = YES;
				CLANG_WARN_ENUM_CONVERSION = YES;
				CLANG_WARN_INFINITE_RECURSION = YES;
				CLANG_WARN_INT_CONVERSION = YES;
				CLANG_WARN_NON_LITERAL_NULL_CONVERSION = YES;
				CLANG_WARN_OBJC_IMPLICIT_RETAIN_SELF = YES;
				CLANG_WARN_OBJC_LITERAL_CONVERSION = YES;
				CLANG_WARN_OBJC_ROOT_CLASS = YES_ERROR;
				CLANG_WARN_QUOTED_INCLUDE_IN_FRAMEWORK_HEADER = YES;
				CLANG_WARN_RANGE_LOOP_ANALYSIS = YES;
				CLANG_WARN_STRICT_PROTOTYPES = YES;
				CLANG_WARN_SUSPICIOUS_MOVE = YES;
				CLANG_WARN_UNGUARDED_AVAILABILITY = YES_AGGRESSIVE;
				CLANG_WARN_UNREACHABLE_CODE = YES;
				CLANG_WARN__DUPLICATE_METHOD_MATCH = YES;
				COPY_PHASE_STRIP = NO;
				DEBUG_INFORMATION_FORMAT = dwarf;
				ENABLE_STRICT_OBJC_MSGSEND = YES;
				ENABLE_TESTABILITY = YES;
				GCC_C_LANGUAGE_STANDARD = gnu11;
				GCC_DYNAMIC_NO_PIC = NO;
				GCC_NO_COMMON_BLOCKS = YES;
				GCC_OPTIMIZATION_LEVEL = 0;
				GCC_PREPROCESSOR_DEFINITIONS = (
					"DEBUG=1",
					"$(inherited)",
				);
				GCC_WARN_64_TO_32_BIT_CONVERSION = YES;
				GCC_WARN_ABOUT_RETURN_TYPE = YES_ERROR;
				GCC_WARN_UNDECLARED_SELECTOR = YES;
				GCC_WARN_UNINITIALIZED_AUTOS = YES_AGGRESSIVE;
				GCC_WARN_UNUSED_FUNCTION = YES;
				GCC_WARN_UNUSED_VARIABLE = YES;
				MTL_ENABLE_DEBUG_INFO = INCLUDE_SOURCE;
				MTL_FAST_MATH = YES;
				ONLY_ACTIVE_ARCH = YES;
				SWIFT_ACTIVE_COMPILATION_CONDITIONS = DEBUG;
				SWIFT_OPTIMIZATION_LEVEL = "-Onone";
			};
			name = Debug;
		};
		8A105D3324BAD569000CDD6C /* Release */ = {
			isa = XCBuildConfiguration;
			buildSettings = {
				ALWAYS_SEARCH_USER_PATHS = NO;
				CLANG_ANALYZER_NONNULL = YES;
				CLANG_ANALYZER_NUMBER_OBJECT_CONVERSION = YES_AGGRESSIVE;
				CLANG_CXX_LANGUAGE_STANDARD = "gnu++14";
				CLANG_CXX_LIBRARY = "libc++";
				CLANG_ENABLE_MODULES = YES;
				CLANG_ENABLE_OBJC_ARC = YES;
				CLANG_ENABLE_OBJC_WEAK = YES;
				CLANG_WARN_BLOCK_CAPTURE_AUTORELEASING = YES;
				CLANG_WARN_BOOL_CONVERSION = YES;
				CLANG_WARN_COMMA = YES;
				CLANG_WARN_CONSTANT_CONVERSION = YES;
				CLANG_WARN_DEPRECATED_OBJC_IMPLEMENTATIONS = YES;
				CLANG_WARN_DIRECT_OBJC_ISA_USAGE = YES_ERROR;
				CLANG_WARN_DOCUMENTATION_COMMENTS = YES;
				CLANG_WARN_EMPTY_BODY = YES;
				CLANG_WARN_ENUM_CONVERSION = YES;
				CLANG_WARN_INFINITE_RECURSION = YES;
				CLANG_WARN_INT_CONVERSION = YES;
				CLANG_WARN_NON_LITERAL_NULL_CONVERSION = YES;
				CLANG_WARN_OBJC_IMPLICIT_RETAIN_SELF = YES;
				CLANG_WARN_OBJC_LITERAL_CONVERSION = YES;
				CLANG_WARN_OBJC_ROOT_CLASS = YES_ERROR;
				CLANG_WARN_QUOTED_INCLUDE_IN_FRAMEWORK_HEADER = YES;
				CLANG_WARN_RANGE_LOOP_ANALYSIS = YES;
				CLANG_WARN_STRICT_PROTOTYPES = YES;
				CLANG_WARN_SUSPICIOUS_MOVE = YES;
				CLANG_WARN_UNGUARDED_AVAILABILITY = YES_AGGRESSIVE;
				CLANG_WARN_UNREACHABLE_CODE = YES;
				CLANG_WARN__DUPLICATE_METHOD_MATCH = YES;
				COPY_PHASE_STRIP = NO;
				DEBUG_INFORMATION_FORMAT = "dwarf-with-dsym";
				ENABLE_NS_ASSERTIONS = NO;
				ENABLE_STRICT_OBJC_MSGSEND = YES;
				GCC_C_LANGUAGE_STANDARD = gnu11;
				GCC_NO_COMMON_BLOCKS = YES;
				GCC_WARN_64_TO_32_BIT_CONVERSION = YES;
				GCC_WARN_ABOUT_RETURN_TYPE = YES_ERROR;
				GCC_WARN_UNDECLARED_SELECTOR = YES;
				GCC_WARN_UNINITIALIZED_AUTOS = YES_AGGRESSIVE;
				GCC_WARN_UNUSED_FUNCTION = YES;
				GCC_WARN_UNUSED_VARIABLE = YES;
				MTL_ENABLE_DEBUG_INFO = NO;
				MTL_FAST_MATH = YES;
				SWIFT_COMPILATION_MODE = wholemodule;
				SWIFT_OPTIMIZATION_LEVEL = "-O";
			};
			name = Release;
		};
		8A105D3524BAD569000CDD6C /* Debug */ = {
			isa = XCBuildConfiguration;
			buildSettings = {
				ASSETCATALOG_COMPILER_APPICON_NAME = AppIcon;
				ASSETCATALOG_COMPILER_GLOBAL_ACCENT_COLOR_NAME = AccentColor;
				CODE_SIGN_STYLE = Automatic;
				ENABLE_PREVIEWS = YES;
				INFOPLIST_FILE = iOS/Info.plist;
				IPHONEOS_DEPLOYMENT_TARGET = 14.0;
				LD_RUNPATH_SEARCH_PATHS = (
					"$(inherited)",
					"@executable_path/Frameworks",
				);
				PRODUCT_BUNDLE_IDENTIFIER = "com.quest.SwiftUI-API";
				PRODUCT_NAME = "SwiftUI API";
				SDKROOT = iphoneos;
				SWIFT_VERSION = 5.0;
				TARGETED_DEVICE_FAMILY = "1,2";
			};
			name = Debug;
		};
		8A105D3624BAD569000CDD6C /* Release */ = {
			isa = XCBuildConfiguration;
			buildSettings = {
				ASSETCATALOG_COMPILER_APPICON_NAME = AppIcon;
				ASSETCATALOG_COMPILER_GLOBAL_ACCENT_COLOR_NAME = AccentColor;
				CODE_SIGN_STYLE = Automatic;
				ENABLE_PREVIEWS = YES;
				INFOPLIST_FILE = iOS/Info.plist;
				IPHONEOS_DEPLOYMENT_TARGET = 14.0;
				LD_RUNPATH_SEARCH_PATHS = (
					"$(inherited)",
					"@executable_path/Frameworks",
				);
				PRODUCT_BUNDLE_IDENTIFIER = "com.quest.SwiftUI-API";
				PRODUCT_NAME = "SwiftUI API";
				SDKROOT = iphoneos;
				SWIFT_VERSION = 5.0;
				TARGETED_DEVICE_FAMILY = "1,2";
				VALIDATE_PRODUCT = YES;
			};
			name = Release;
		};
		8A105D3824BAD569000CDD6C /* Debug */ = {
			isa = XCBuildConfiguration;
			buildSettings = {
				ASSETCATALOG_COMPILER_APPICON_NAME = AppIcon;
				ASSETCATALOG_COMPILER_GLOBAL_ACCENT_COLOR_NAME = AccentColor;
				CODE_SIGN_ENTITLEMENTS = macOS/macOS.entitlements;
				CODE_SIGN_STYLE = Automatic;
				COMBINE_HIDPI_IMAGES = YES;
				ENABLE_PREVIEWS = YES;
				INFOPLIST_FILE = macOS/Info.plist;
				LD_RUNPATH_SEARCH_PATHS = (
					"$(inherited)",
					"@executable_path/../Frameworks",
				);
				MACOSX_DEPLOYMENT_TARGET = 10.16;
				PRODUCT_BUNDLE_IDENTIFIER = "com.quest.SwiftUI-API";
				PRODUCT_NAME = "SwiftUI API";
				SDKROOT = macosx;
				SWIFT_VERSION = 5.0;
			};
			name = Debug;
		};
		8A105D3924BAD569000CDD6C /* Release */ = {
			isa = XCBuildConfiguration;
			buildSettings = {
				ASSETCATALOG_COMPILER_APPICON_NAME = AppIcon;
				ASSETCATALOG_COMPILER_GLOBAL_ACCENT_COLOR_NAME = AccentColor;
				CODE_SIGN_ENTITLEMENTS = macOS/macOS.entitlements;
				CODE_SIGN_STYLE = Automatic;
				COMBINE_HIDPI_IMAGES = YES;
				ENABLE_PREVIEWS = YES;
				INFOPLIST_FILE = macOS/Info.plist;
				LD_RUNPATH_SEARCH_PATHS = (
					"$(inherited)",
					"@executable_path/../Frameworks",
				);
				MACOSX_DEPLOYMENT_TARGET = 10.16;
				PRODUCT_BUNDLE_IDENTIFIER = "com.quest.SwiftUI-API";
				PRODUCT_NAME = "SwiftUI API";
				SDKROOT = macosx;
				SWIFT_VERSION = 5.0;
			};
			name = Release;
		};
/* End XCBuildConfiguration section */

/* Begin XCConfigurationList section */
		8A105D1724BAD568000CDD6C /* Build configuration list for PBXProject "SwiftUI API" */ = {
			isa = XCConfigurationList;
			buildConfigurations = (
				8A105D3224BAD569000CDD6C /* Debug */,
				8A105D3324BAD569000CDD6C /* Release */,
			);
			defaultConfigurationIsVisible = 0;
			defaultConfigurationName = Release;
		};
		8A105D3424BAD569000CDD6C /* Build configuration list for PBXNativeTarget "iOS" */ = {
			isa = XCConfigurationList;
			buildConfigurations = (
				8A105D3524BAD569000CDD6C /* Debug */,
				8A105D3624BAD569000CDD6C /* Release */,
			);
			defaultConfigurationIsVisible = 0;
			defaultConfigurationName = Release;
		};
		8A105D3724BAD569000CDD6C /* Build configuration list for PBXNativeTarget "macOS" */ = {
			isa = XCConfigurationList;
			buildConfigurations = (
				8A105D3824BAD569000CDD6C /* Debug */,
				8A105D3924BAD569000CDD6C /* Release */,
			);
			defaultConfigurationIsVisible = 0;
			defaultConfigurationName = Release;
		};
/* End XCConfigurationList section */
	};
	rootObject = 8A105D1424BAD568000CDD6C /* Project object */;
}
